github.com/router-for-me/CLIProxyAPI/v7 v7.1.70 h1:BkRgqex9mF4C27K7EqwC4pKCFaSDZzF8s33/9pSxU3M=
github.com/router-for-me/CLIProxyAPI/v7 v7.1.70/go.mod h1:5LQLwZuB03QHP2jsRo4Kl7pJBgsu9w0O/v1F6Ze+d4U=
gopkg.in/yaml.v3 v3.0.1 h1:fxVm/GzAzEWqLHuvctI91KS9hhNmmWOoWu0XTYJS7CA=
gopkg.in/yaml.v3 v3.0.1/go.mod h1:K4uyk7z7BCEPqu6E+C64Yfv1cQ7kz7rIZviUmN+EgEM=
